
Microsoft Visual Studio Solution File, Format Version 12.00
# Visual Studio Version 17
VisualStudioVersion = 17.4.33205.214
MinimumVisualStudioVersion = 10.0.40219.1
Project("{FAE04EC0-301F-11D3-BF4B-00C04F79EFBC}") = "ProgettoCinema_DePietroNicolò2", "ProgettoCinema_DePietroNicolò2\ProgettoCinema_DePietroNicolò2.csproj", "{D02DD002-6F42-41BC-9D84-C26A8947D124}"
EndProject
Global
	GlobalSection(SolutionConfigurationPlatforms) = preSolution
		Debug|Any CPU = Debug|Any CPU
		Release|Any CPU = Release|Any CPU
	EndGlobalSection
	GlobalSection(ProjectConfigurationPlatforms) = postSolution
		{D02DD002-6F42-41BC-9D84-C26A8947D124}.Debug|Any CPU.ActiveCfg = Debug|Any CPU
		{D02DD002-6F42-41BC-9D84-C26A8947D124}.Debug|Any CPU.Build.0 = Debug|Any CPU
		{D02DD002-6F42-41BC-9D84-C26A8947D124}.Release|Any CPU.ActiveCfg = Release|Any CPU
		{D02DD002-6F42-41BC-9D84-C26A8947D124}.Release|Any CPU.Build.0 = Release|Any CPU
	EndGlobalSection
	GlobalSection(SolutionProperties) = preSolution
		HideSolutionNode = FALSE
	EndGlobalSection
	GlobalSection(ExtensibilityGlobals) = postSolution
		SolutionGuid = {96C86212-8FCD-43F1-8390-AE0259502B01}
	EndGlobalSection
EndGlobal
